
Microsoft Visual Studio Solution File, Format Version 12.00
# Visual Studio Version 17
VisualStudioVersion = 17.10.35027.167
MinimumVisualStudioVersion = 10.0.40219.1
Project("{FAE04EC0-301F-11D3-BF4B-00C04F79EFBC}") = "MeuSiteEmMVC", "MeuSiteEmMVC\MeuSiteEmMVC.csproj", "{BBC08C5C-7A2C-4274-84BB-3CE671B2755C}"
EndProject
Global
	GlobalSection(SolutionConfigurationPlatforms) = preSolution
		Debug|Any CPU = Debug|Any CPU
		Release|Any CPU = Release|Any CPU
	EndGlobalSection
	GlobalSection(ProjectConfigurationPlatforms) = postSolution
		{BBC08C5C-7A2C-4274-84BB-3CE671B2755C}.Debug|Any CPU.ActiveCfg = Debug|Any CPU
		{BBC08C5C-7A2C-4274-84BB-3CE671B2755C}.Debug|Any CPU.Build.0 = Debug|Any CPU
		{BBC08C5C-7A2C-4274-84BB-3CE671B2755C}.Release|Any CPU.ActiveCfg = Release|Any CPU
		{BBC08C5C-7A2C-4274-84BB-3CE671B2755C}.Release|Any CPU.Build.0 = Release|Any CPU
	EndGlobalSection
	GlobalSection(SolutionProperties) = preSolution
		HideSolutionNode = FALSE
	EndGlobalSection
	GlobalSection(ExtensibilityGlobals) = postSolution
		SolutionGuid = {AF3E3252-8FE2-4C59-B6BC-C71CB371FFDE}
	EndGlobalSection
EndGlobal
